// !$*UTF8*$!
{
	archiveVersion = 1;
	classes = {
	};
	objectVersion = 48;
	objects = {

/* Begin PBXBuildFile section */
		AC07D1FA201E1CFC004775D6 /* AppDelegate.swift in Sources */ = {isa = PBXBuildFile; fileRef = AC07D1F9201E1CFC004775D6 /* AppDelegate.swift */; };
		AC07D201201E1CFC004775D6 /* Main.storyboard in Resources */ = {isa = PBXBuildFile; fileRef = AC07D1FF201E1CFC004775D6 /* Main.storyboard */; };
		AC07D203201E1CFC004775D6 /* Assets.xcassets in Resources */ = {isa = PBXBuildFile; fileRef = AC07D202201E1CFC004775D6 /* Assets.xcassets */; };
		AC07D206201E1CFC004775D6 /* LaunchScreen.storyboard in Resources */ = {isa = PBXBuildFile; fileRef = AC07D204201E1CFC004775D6 /* LaunchScreen.storyboard */; };
		AC07D211201E1CFC004775D6 /* BucketListTests.swift in Sources */ = {isa = PBXBuildFile; fileRef = AC07D210201E1CFC004775D6 /* BucketListTests.swift */; };
		AC07D21C201E1CFC004775D6 /* BucketListUITests.swift in Sources */ = {isa = PBXBuildFile; fileRef = AC07D21B201E1CFC004775D6 /* BucketListUITests.swift */; };
		AC07D22A201E270C004775D6 /* BucketListViewController.swift in Sources */ = {isa = PBXBuildFile; fileRef = AC07D229201E270C004775D6 /* BucketListViewController.swift */; };
		AC07D22C201E4B08004775D6 /* BucketListTableViewCell.swift in Sources */ = {isa = PBXBuildFile; fileRef = AC07D22B201E4B08004775D6 /* BucketListTableViewCell.swift */; };
		AC07D22E201E5E6E004775D6 /* AddToBucketViewController.swift in Sources */ = {isa = PBXBuildFile; fileRef = AC07D22D201E5E6E004775D6 /* AddToBucketViewController.swift */; };
		AC6999752029D22C00C816CE /* DetailViewController.swift in Sources */ = {isa = PBXBuildFile; fileRef = AC6999742029D22C00C816CE /* DetailViewController.swift */; };
/* End PBXBuildFile section */

/* Begin PBXContainerItemProxy section */
		AC07D20D201E1CFC004775D6 /* PBXContainerItemProxy */ = {
			isa = PBXContainerItemProxy;
			containerPortal = AC07D1EE201E1CFB004775D6 /* Project object */;
			proxyType = 1;
			remoteGlobalIDString = AC07D1F5201E1CFB004775D6;
			remoteInfo = BucketList;
		};
		AC07D218201E1CFC004775D6 /* PBXContainerItemProxy */ = {
			isa = PBXContainerItemProxy;
			containerPortal = AC07D1EE201E1CFB004775D6 /* Project object */;
			proxyType = 1;
			remoteGlobalIDString = AC07D1F5201E1CFB004775D6;
			remoteInfo = BucketList;
		};
/* End PBXContainerItemProxy section */

/* Begin PBXFileReference section */
		AC07D1F6201E1CFC004775D6 /* BucketList.app */ = {isa = PBXFileReference; explicitFileType = wrapper.application; includeInIndex = 0; path = BucketList.app; sourceTree = BUILT_PRODUCTS_DIR; };
		AC07D1F9201E1CFC004775D6 /* AppDelegate.swift */ = {isa = PBXFileReference; lastKnownFileType = sourcecode.swift; path = AppDelegate.swift; sourceTree = "<group>"; };
		AC07D200201E1CFC004775D6 /* Base */ = {isa = PBXFileReference; lastKnownFileType = file.storyboard; name = Base; path = Base.lproj/Main.storyboard; sourceTree = "<group>"; };
		AC07D202201E1CFC004775D6 /* Assets.xcassets */ = {isa = PBXFileReference; lastKnownFileType = folder.assetcatalog; path = Assets.xcassets; sourceTree = "<group>"; };
		AC07D205201E1CFC004775D6 /* Base */ = {isa = PBXFileReference; lastKnownFileType = file.storyboard; name = Base; path = Base.lproj/LaunchScreen.storyboard; sourceTree = "<group>"; };
		AC07D207201E1CFC004775D6 /* Info.plist */ = {isa = PBXFileReference; lastKnownFileType = text.plist.xml; path = Info.plist; sourceTree = "<group>"; };
		AC07D20C201E1CFC004775D6 /* BucketListTests.xctest */ = {isa = PBXFileReference; explicitFileType = wrapper.cfbundle; includeInIndex = 0; path = BucketListTests.xctest; sourceTree = BUILT_PRODUCTS_DIR; };
		AC07D210201E1CFC004775D6 /* BucketListTests.swift */ = {isa = PBXFileReference; lastKnownFileType = sourcecode.swift; path = BucketListTests.swift; sourceTree = "<group>"; };
		AC07D212201E1CFC004775D6 /* Info.plist */ = {isa = PBXFileReference; lastKnownFileType = text.plist.xml; path = Info.plist; sourceTree = "<group>"; };
		AC07D217201E1CFC004775D6 /* BucketListUITests.xctest */ = {isa = PBXFileReference; explicitFileType = wrapper.cfbundle; includeInIndex = 0; path = BucketListUITests.xctest; sourceTree = BUILT_PRODUCTS_DIR; };
		AC07D21B201E1CFC004775D6 /* BucketListUITests.swift */ = {isa = PBXFileReference; lastKnownFileType = sourcecode.swift; path = BucketListUITests.swift; sourceTree = "<group>"; };
		AC07D21D201E1CFC004775D6 /* Info.plist */ = {isa = PBXFileReference; lastKnownFileType = text.plist.xml; path = Info.plist; sourceTree = "<group>"; };
		AC07D229201E270C004775D6 /* BucketListViewController.swift */ = {isa = PBXFileReference; lastKnownFileType = sourcecode.swift; path = BucketListViewController.swift; sourceTree = "<group>"; };
		AC07D22B201E4B08004775D6 /* BucketListTableViewCell.swift */ = {isa = PBXFileReference; lastKnownFileType = sourcecode.swift; path = BucketListTableViewCell.swift; sourceTree = "<group>"; };
		AC07D22D201E5E6E004775D6 /* AddToBucketViewController.swift */ = {isa = PBXFileReference; lastKnownFileType = sourcecode.swift; path = AddToBucketViewController.swift; sourceTree = "<group>"; };
		AC6999742029D22C00C816CE /* DetailViewController.swift */ = {isa = PBXFileReference; lastKnownFileType = sourcecode.swift; path = DetailViewController.swift; sourceTree = "<group>"; };
/* End PBXFileReference section */

/* Begin PBXFrameworksBuildPhase section */
		AC07D1F3201E1CFB004775D6 /* Frameworks */ = {
			isa = PBXFrameworksBuildPhase;
			buildActionMask = 2147483647;
			files = (
			);
			runOnlyForDeploymentPostprocessing = 0;
		};
		AC07D209201E1CFC004775D6 /* Frameworks */ = {
			isa = PBXFrameworksBuildPhase;
			buildActionMask = 2147483647;
			files = (
			);
			runOnlyForDeploymentPostprocessing = 0;
		};
		AC07D214201E1CFC004775D6 /* Frameworks */ = {
			isa = PBXFrameworksBuildPhase;
			buildActionMask = 2147483647;
			files = (
			);
			runOnlyForDeploymentPostprocessing = 0;
		};
/* End PBXFrameworksBuildPhase section */

/* Begin PBXGroup section */
		AC07D1ED201E1CFB004775D6 = {
			isa = PBXGroup;
			children = (
				AC07D1F8201E1CFC004775D6 /* BucketList */,
				AC07D20F201E1CFC004775D6 /* BucketListTests */,
				AC07D21A201E1CFC004775D6 /* BucketListUITests */,
				AC07D1F7201E1CFC004775D6 /* Products */,
			);
			sourceTree = "<group>";
		};
		AC07D1F7201E1CFC004775D6 /* Products */ = {
			isa = PBXGroup;
			children = (
				AC07D1F6201E1CFC004775D6 /* BucketList.app */,
				AC07D20C201E1CFC004775D6 /* BucketListTests.xctest */,
				AC07D217201E1CFC004775D6 /* BucketListUITests.xctest */,
			);
			name = Products;
			sourceTree = "<group>";
		};
		AC07D1F8201E1CFC004775D6 /* BucketList */ = {
			isa = PBXGroup;
			children = (
				AC07D1F9201E1CFC004775D6 /* AppDelegate.swift */,
				AC07D229201E270C004775D6 /* BucketListViewController.swift */,
				AC07D22B201E4B08004775D6 /* BucketListTableViewCell.swift */,
				AC07D22D201E5E6E004775D6 /* AddToBucketViewController.swift */,
				AC6999742029D22C00C816CE /* DetailViewController.swift */,
				AC07D1FF201E1CFC004775D6 /* Main.storyboard */,
				AC07D202201E1CFC004775D6 /* Assets.xcassets */,
				AC07D204201E1CFC004775D6 /* LaunchScreen.storyboard */,
				AC07D207201E1CFC004775D6 /* Info.plist */,
			);
			path = BucketList;
			sourceTree = "<group>";
		};
		AC07D20F201E1CFC004775D6 /* BucketListTests */ = {
			isa = PBXGroup;
			children = (
				AC07D210201E1CFC004775D6 /* BucketListTests.swift */,
				AC07D212201E1CFC004775D6 /* Info.plist */,
			);
			path = BucketListTests;
			sourceTree = "<group>";
		};
		AC07D21A201E1CFC004775D6 /* BucketListUITests */ = {
			isa = PBXGroup;
			children = (
				AC07D21B201E1CFC004775D6 /* BucketListUITests.swift */,
				AC07D21D201E1CFC004775D6 /* Info.plist */,
			);
			path = BucketListUITests;
			sourceTree = "<group>";
		};
/* End PBXGroup section */

/* Begin PBXNativeTarget section */
		AC07D1F5201E1CFB004775D6 /* BucketList */ = {
			isa = PBXNativeTarget;
			buildConfigurationList = AC07D220201E1CFC004775D6 /* Build configuration list for PBXNativeTarget "BucketList" */;
			buildPhases = (
				AC07D1F2201E1CFB004775D6 /* Sources */,
				AC07D1F3201E1CFB004775D6 /* Frameworks */,
				AC07D1F4201E1CFB004775D6 /* Resources */,
			);
			buildRules = (
			);
			dependencies = (
			);
			name = BucketList;
			productName = BucketList;
			productReference = AC07D1F6201E1CFC004775D6 /* BucketList.app */;
			productType = "com.apple.product-type.application";
		};
		AC07D20B201E1CFC004775D6 /* BucketListTests */ = {
			isa = PBXNativeTarget;
			buildConfigurationList = AC07D223201E1CFC004775D6 /* Build configuration list for PBXNativeTarget "BucketListTests" */;
			buildPhases = (
				AC07D208201E1CFC004775D6 /* Sources */,
				AC07D209201E1CFC004775D6 /* Frameworks */,
				AC07D20A201E1CFC004775D6 /* Resources */,
			);
			buildRules = (
			);
			dependencies = (
				AC07D20E201E1CFC004775D6 /* PBXTargetDependency */,
			);
			name = BucketListTests;
			productName = BucketListTests;
			productReference = AC07D20C201E1CFC004775D6 /* BucketListTests.xctest */;
			productType = "com.apple.product-type.bundle.unit-test";
		};
		AC07D216201E1CFC004775D6 /* BucketListUITests */ = {
			isa = PBXNativeTarget;
			buildConfigurationList = AC07D226201E1CFC004775D6 /* Build configuration list for PBXNativeTarget "BucketListUITests" */;
			buildPhases = (
				AC07D213201E1CFC004775D6 /* Sources */,
				AC07D214201E1CFC004775D6 /* Frameworks */,
				AC07D215201E1CFC004775D6 /* Resources */,
			);
			buildRules = (
			);
			dependencies = (
				AC07D219201E1CFC004775D6 /* PBXTargetDependency */,
			);
			name = BucketListUITests;
			productName = BucketListUITests;
			productReference = AC07D217201E1CFC004775D6 /* BucketListUITests.xctest */;
			productType = "com.apple.product-type.bundle.ui-testing";
		};
/* End PBXNativeTarget section */

/* Begin PBXProject section */
		AC07D1EE201E1CFB004775D6 /* Project object */ = {
			isa = PBXProject;
			attributes = {
				LastSwiftUpdateCheck = 0920;
				LastUpgradeCheck = 0920;
				ORGANIZATIONNAME = "Matthew Jerdidah Hansen";
				TargetAttributes = {
					AC07D1F5201E1CFB004775D6 = {
						CreatedOnToolsVersion = 9.2;
						ProvisioningStyle = Automatic;
					};
					AC07D20B201E1CFC004775D6 = {
						CreatedOnToolsVersion = 9.2;
						ProvisioningStyle = Automatic;
						TestTargetID = AC07D1F5201E1CFB004775D6;
					};
					AC07D216201E1CFC004775D6 = {
						CreatedOnToolsVersion = 9.2;
						ProvisioningStyle = Automatic;
						TestTargetID = AC07D1F5201E1CFB004775D6;
					};
				};
			};
			buildConfigurationList = AC07D1F1201E1CFB004775D6 /* Build configuration list for PBXProject "BucketList" */;
			compatibilityVersion = "Xcode 8.0";
			developmentRegion = en;
			hasScannedForEncodings = 0;
			knownRegions = (
				en,
				Base,
			);
			mainGroup = AC07D1ED201E1CFB004775D6;
			productRefGroup = AC07D1F7201E1CFC004775D6 /* Products */;
			projectDirPath = "";
			projectRoot = "";
			targets = (
				AC07D1F5201E1CFB004775D6 /* BucketList */,
				AC07D20B201E1CFC004775D6 /* BucketListTests */,
				AC07D216201E1CFC004775D6 /* BucketListUITests */,
			);
		};
/* End PBXProject section */

/* Begin PBXResourcesBuildPhase section */
		AC07D1F4201E1CFB004775D6 /* Resources */ = {
			isa = PBXResourcesBuildPhase;
			buildActionMask = 2147483647;
			files = (
				AC07D206201E1CFC004775D6 /* LaunchScreen.storyboard in Resources */,
				AC07D203201E1CFC004775D6 /* Assets.xcassets in Resources */,
				AC07D201201E1CFC004775D6 /* Main.storyboard in Resources */,
			);
			runOnlyForDeploymentPostprocessing = 0;
		};
		AC07D20A201E1CFC004775D6 /* Resources */ = {
			isa = PBXResourcesBuildPhase;
			buildActionMask = 2147483647;
			files = (
			);
			runOnlyForDeploymentPostprocessing = 0;
		};
		AC07D215201E1CFC004775D6 /* Resources */ = {
			isa = PBXResourcesBuildPhase;
			buildActionMask = 2147483647;
			files = (
			);
			runOnlyForDeploymentPostprocessing = 0;
		};
/* End PBXResourcesBuildPhase section */

/* Begin PBXSourcesBuildPhase section */
		AC07D1F2201E1CFB004775D6 /* Sources */ = {
			isa = PBXSourcesBuildPhase;
			buildActionMask = 2147483647;
			files = (
				AC07D22C201E4B08004775D6 /* BucketListTableViewCell.swift in Sources */,
				AC07D22A201E270C004775D6 /* BucketListViewController.swift in Sources */,
				AC6999752029D22C00C816CE /* DetailViewController.swift in Sources */,
				AC07D1FA201E1CFC004775D6 /* AppDelegate.swift in Sources */,
				AC07D22E201E5E6E004775D6 /* AddToBucketViewController.swift in Sources */,
			);
			runOnlyForDeploymentPostprocessing = 0;
		};
		AC07D208201E1CFC004775D6 /* Sources */ = {
			isa = PBXSourcesBuildPhase;
			buildActionMask = 2147483647;
			files = (
				AC07D211201E1CFC004775D6 /* BucketListTests.swift in Sources */,
			);
			runOnlyForDeploymentPostprocessing = 0;
		};
		AC07D213201E1CFC004775D6 /* Sources */ = {
			isa = PBXSourcesBuildPhase;
			buildActionMask = 2147483647;
			files = (
				AC07D21C201E1CFC004775D6 /* BucketListUITests.swift in Sources */,
			);
			runOnlyForDeploymentPostprocessing = 0;
		};
/* End PBXSourcesBuildPhase section */

/* Begin PBXTargetDependency section */
		AC07D20E201E1CFC004775D6 /* PBXTargetDependency */ = {
			isa = PBXTargetDependency;
			target = AC07D1F5201E1CFB004775D6 /* BucketList */;
			targetProxy = AC07D20D201E1CFC004775D6 /* PBXContainerItemProxy */;
		};
		AC07D219201E1CFC004775D6 /* PBXTargetDependency */ = {
			isa = PBXTargetDependency;
			target = AC07D1F5201E1CFB004775D6 /* BucketList */;
			targetProxy = AC07D218201E1CFC004775D6 /* PBXContainerItemProxy */;
		};
/* End PBXTargetDependency section */

/* Begin PBXVariantGroup section */
		AC07D1FF201E1CFC004775D6 /* Main.storyboard */ = {
			isa = PBXVariantGroup;
			children = (
				AC07D200201E1CFC004775D6 /* Base */,
			);
			name = Main.storyboard;
			sourceTree = "<group>";
		};
		AC07D204201E1CFC004775D6 /* LaunchScreen.storyboard */ = {
			isa = PBXVariantGroup;
			children = (
				AC07D205201E1CFC004775D6 /* Base */,
			);
			name = LaunchScreen.storyboard;
			sourceTree = "<group>";
		};
/* End PBXVariantGroup section */

/* Begin XCBuildConfiguration section */
		AC07D21E201E1CFC004775D6 /* Debug */ = {
			isa = XCBuildConfiguration;
			buildSettings = {
				ALWAYS_SEARCH_USER_PATHS = NO;
				CLANG_ANALYZER_NONNULL = YES;
				CLANG_ANALYZER_NUMBER_OBJECT_CONVERSION = YES_AGGRESSIVE;
				CLANG_CXX_LANGUAGE_STANDARD = "gnu++14";
				CLANG_CXX_LIBRARY = "libc++";
				CLANG_ENABLE_MODULES = YES;
				CLANG_ENABLE_OBJC_ARC = YES;
				CLANG_WARN_BLOCK_CAPTURE_AUTORELEASING = YES;
				CLANG_WARN_BOOL_CONVERSION = YES;
				CLANG_WARN_COMMA = YES;
				CLANG_WARN_CONSTANT_CONVERSION = YES;
				CLANG_WARN_DIRECT_OBJC_ISA_USAGE = YES_ERROR;
				CLANG_WARN_DOCUMENTATION_COMMENTS = YES;
				CLANG_WARN_EMPTY_BODY = YES;
				CLANG_WARN_ENUM_CONVERSION = YES;
				CLANG_WARN_INFINITE_RECURSION = YES;
				CLANG_WARN_INT_CONVERSION = YES;
				CLANG_WARN_NON_LITERAL_NULL_CONVERSION = YES;
				CLANG_WARN_OBJC_LITERAL_CONVERSION = YES;
				CLANG_WARN_OBJC_ROOT_CLASS = YES_ERROR;
				CLANG_WARN_RANGE_LOOP_ANALYSIS = YES;
				CLANG_WARN_STRICT_PROTOTYPES = YES;
				CLANG_WARN_SUSPICIOUS_MOVE = YES;
				CLANG_WARN_UNGUARDED_AVAILABILITY = YES_AGGRESSIVE;
				CLANG_WARN_UNREACHABLE_CODE = YES;
				CLANG_WARN__DUPLICATE_METHOD_MATCH = YES;
				CODE_SIGN_IDENTITY = "iPhone Developer";
				COPY_PHASE_STRIP = NO;
				DEBUG_INFORMATION_FORMAT = dwarf;
				ENABLE_STRICT_OBJC_MSGSEND = YES;
				ENABLE_TESTABILITY = YES;
				GCC_C_LANGUAGE_STANDARD = gnu11;
				GCC_DYNAMIC_NO_PIC = NO;
				GCC_NO_COMMON_BLOCKS = YES;
				GCC_OPTIMIZATION_LEVEL = 0;
				GCC_PREPROCESSOR_DEFINITIONS = (
					"DEBUG=1",
					"$(inherited)",
				);
				GCC_WARN_64_TO_32_BIT_CONVERSION = YES;
				GCC_WARN_ABOUT_RETURN_TYPE = YES_ERROR;
				GCC_WARN_UNDECLARED_SELECTOR = YES;
				GCC_WARN_UNINITIALIZED_AUTOS = YES_AGGRESSIVE;
				GCC_WARN_UNUSED_FUNCTION = YES;
				GCC_WARN_UNUSED_VARIABLE = YES;
				IPHONEOS_DEPLOYMENT_TARGET = 11.2;
				MTL_ENABLE_DEBUG_INFO = YES;
				ONLY_ACTIVE_ARCH = YES;
				SDKROOT = iphoneos;
				SWIFT_ACTIVE_COMPILATION_CONDITIONS = DEBUG;
				SWIFT_OPTIMIZATION_LEVEL = "-Onone";
			};
			name = Debug;
		};
		AC07D21F201E1CFC004775D6 /* Release */ = {
			isa = XCBuildConfiguration;
			buildSettings = {
				ALWAYS_SEARCH_USER_PATHS = NO;
				CLANG_ANALYZER_NONNULL = YES;
				CLANG_ANALYZER_NUMBER_OBJECT_CONVERSION = YES_AGGRESSIVE;
				CLANG_CXX_LANGUAGE_STANDARD = "gnu++14";
				CLANG_CXX_LIBRARY = "libc++";
				CLANG_ENABLE_MODULES = YES;
				CLANG_ENABLE_OBJC_ARC = YES;
				CLANG_WARN_BLOCK_CAPTURE_AUTORELEASING = YES;
				CLANG_WARN_BOOL_CONVERSION = YES;
				CLANG_WARN_COMMA = YES;
				CLANG_WARN_CONSTANT_CONVERSION = YES;
				CLANG_WARN_DIRECT_OBJC_ISA_USAGE = YES_ERROR;
				CLANG_WARN_DOCUMENTATION_COMMENTS = YES;
				CLANG_WARN_EMPTY_BODY = YES;
				CLANG_WARN_ENUM_CONVERSION = YES;
				CLANG_WARN_INFINITE_RECURSION = YES;
				CLANG_WARN_INT_CONVERSION = YES;
				CLANG_WARN_NON_LITERAL_NULL_CONVERSION = YES;
				CLANG_WARN_OBJC_LITERAL_CONVERSION = YES;
				CLANG_WARN_OBJC_ROOT_CLASS = YES_ERROR;
				CLANG_WARN_RANGE_LOOP_ANALYSIS = YES;
				CLANG_WARN_STRICT_PROTOTYPES = YES;
				CLANG_WARN_SUSPICIOUS_MOVE = YES;
				CLANG_WARN_UNGUARDED_AVAILABILITY = YES_AGGRESSIVE;
				CLANG_WARN_UNREACHABLE_CODE = YES;
				CLANG_WARN__DUPLICATE_METHOD_MATCH = YES;
				CODE_SIGN_IDENTITY = "iPhone Developer";
				COPY_PHASE_STRIP = NO;
				DEBUG_INFORMATION_FORMAT = "dwarf-with-dsym";
				ENABLE_NS_ASSERTIONS = NO;
				ENABLE_STRICT_OBJC_MSGSEND = YES;
				GCC_C_LANGUAGE_STANDARD = gnu11;
				GCC_NO_COMMON_BLOCKS = YES;
				GCC_WARN_64_TO_32_BIT_CONVERSION = YES;
				GCC_WARN_ABOUT_RETURN_TYPE = YES_ERROR;
				GCC_WARN_UNDECLARED_SELECTOR = YES;
				GCC_WARN_UNINITIALIZED_AUTOS = YES_AGGRESSIVE;
				GCC_WARN_UNUSED_FUNCTION = YES;
				GCC_WARN_UNUSED_VARIABLE = YES;
				IPHONEOS_DEPLOYMENT_TARGET = 11.2;
				MTL_ENABLE_DEBUG_INFO = NO;
				SDKROOT = iphoneos;
				SWIFT_OPTIMIZATION_LEVEL = "-Owholemodule";
				VALIDATE_PRODUCT = YES;
			};
			name = Release;
		};
		AC07D221201E1CFC004775D6 /* Debug */ = {
			isa = XCBuildConfiguration;
			buildSettings = {
				ASSETCATALOG_COMPILER_APPICON_NAME = AppIcon;
				CODE_SIGN_STYLE = Automatic;
				DEVELOPMENT_TEAM = XL9G5JLG3Y;
				INFOPLIST_FILE = BucketList/Info.plist;
				LD_RUNPATH_SEARCH_PATHS = "$(inherited) @executable_path/Frameworks";
				PRODUCT_BUNDLE_IDENTIFIER = com.mjhansen.BucketList;
				PRODUCT_NAME = "$(TARGET_NAME)";
				SWIFT_VERSION = 4.0;
				TARGETED_DEVICE_FAMILY = 1;
			};
			name = Debug;
		};
		AC07D222201E1CFC004775D6 /* Release */ = {
			isa = XCBuildConfiguration;
			buildSettings = {
				ASSETCATALOG_COMPILER_APPICON_NAME = AppIcon;
				CODE_SIGN_STYLE = Automatic;
				DEVELOPMENT_TEAM = XL9G5JLG3Y;
				INFOPLIST_FILE = BucketList/Info.plist;
				LD_RUNPATH_SEARCH_PATHS = "$(inherited) @executable_path/Frameworks";
				PRODUCT_BUNDLE_IDENTIFIER = com.mjhansen.BucketList;
				PRODUCT_NAME = "$(TARGET_NAME)";
				SWIFT_VERSION = 4.0;
				TARGETED_DEVICE_FAMILY = 1;
			};
			name = Release;
		};
		AC07D224201E1CFC004775D6 /* Debug */ = {
			isa = XCBuildConfiguration;
			buildSettings = {
				ALWAYS_EMBED_SWIFT_STANDARD_LIBRARIES = YES;
				BUNDLE_LOADER = "$(TEST_HOST)";
				CODE_SIGN_STYLE = Automatic;
				DEVELOPMENT_TEAM = XL9G5JLG3Y;
				INFOPLIST_FILE = BucketListTests/Info.plist;
				LD_RUNPATH_SEARCH_PATHS = "$(inherited) @executable_path/Frameworks @loader_path/Frameworks";
				PRODUCT_BUNDLE_IDENTIFIER = com.mjhansen.BucketListTests;
				PRODUCT_NAME = "$(TARGET_NAME)";
				SWIFT_VERSION = 4.0;
				TARGETED_DEVICE_FAMILY = "1,2";
				TEST_HOST = "$(BUILT_PRODUCTS_DIR)/BucketList.app/BucketList";
			};
			name = Debug;
		};
		AC07D225201E1CFC004775D6 /* Release */ = {
			isa = XCBuildConfiguration;
			buildSettings = {
				ALWAYS_EMBED_SWIFT_STANDARD_LIBRARIES = YES;
				BUNDLE_LOADER = "$(TEST_HOST)";
				CODE_SIGN_STYLE = Automatic;
				DEVELOPMENT_TEAM = XL9G5JLG3Y;
				INFOPLIST_FILE = BucketListTests/Info.plist;
				LD_RUNPATH_SEARCH_PATHS = "$(inherited) @executable_path/Frameworks @loader_path/Frameworks";
				PRODUCT_BUNDLE_IDENTIFIER = com.mjhansen.BucketListTests;
				PRODUCT_NAME = "$(TARGET_NAME)";
				SWIFT_VERSION = 4.0;
				TARGETED_DEVICE_FAMILY = "1,2";
				TEST_HOST = "$(BUILT_PRODUCTS_DIR)/BucketList.app/BucketList";
			};
			name = Release;
		};
		AC07D227201E1CFC004775D6 /* Debug */ = {
			isa = XCBuildConfiguration;
			buildSettings = {
				ALWAYS_EMBED_SWIFT_STANDARD_LIBRARIES = YES;
				CODE_SIGN_STYLE = Automatic;
				DEVELOPMENT_TEAM = XL9G5JLG3Y;
				INFOPLIST_FILE = BucketListUITests/Info.plist;
				LD_RUNPATH_SEARCH_PATHS = "$(inherited) @executable_path/Frameworks @loader_path/Frameworks";
				PRODUCT_BUNDLE_IDENTIFIER = com.mjhansen.BucketListUITests;
				PRODUCT_NAME = "$(TARGET_NAME)";
				SWIFT_VERSION = 4.0;
				TARGETED_DEVICE_FAMILY = "1,2";
				TEST_TARGET_NAME = BucketList;
			};
			name = Debug;
		};
		AC07D228201E1CFC004775D6 /* Release */ = {
			isa = XCBuildConfiguration;
			buildSettings = {
				ALWAYS_EMBED_SWIFT_STANDARD_LIBRARIES = YES;
				CODE_SIGN_STYLE = Automatic;
				DEVELOPMENT_TEAM = XL9G5JLG3Y;
				INFOPLIST_FILE = BucketListUITests/Info.plist;
				LD_RUNPATH_SEARCH_PATHS = "$(inherited) @executable_path/Frameworks @loader_path/Frameworks";
				PRODUCT_BUNDLE_IDENTIFIER = com.mjhansen.BucketListUITests;
				PRODUCT_NAME = "$(TARGET_NAME)";
				SWIFT_VERSION = 4.0;
				TARGETED_DEVICE_FAMILY = "1,2";
				TEST_TARGET_NAME = BucketList;
			};
			name = Release;
		};
/* End XCBuildConfiguration section */

/* Begin XCConfigurationList section */
		AC07D1F1201E1CFB004775D6 /* Build configuration list for PBXProject "BucketList" */ = {
			isa = XCConfigurationList;
			buildConfigurations = (
				AC07D21E201E1CFC004775D6 /* Debug */,
				AC07D21F201E1CFC004775D6 /* Release */,
			);
			defaultConfigurationIsVisible = 0;
			defaultConfigurationName = Release;
		};
		AC07D220201E1CFC004775D6 /* Build configuration list for PBXNativeTarget "BucketList" */ = {
			isa = XCConfigurationList;
			buildConfigurations = (
				AC07D221201E1CFC004775D6 /* Debug */,
				AC07D222201E1CFC004775D6 /* Release */,
			);
			defaultConfigurationIsVisible = 0;
			defaultConfigurationName = Release;
		};
		AC07D223201E1CFC004775D6 /* Build configuration list for PBXNativeTarget "BucketListTests" */ = {
			isa = XCConfigurationList;
			buildConfigurations = (
				AC07D224201E1CFC004775D6 /* Debug */,
				AC07D225201E1CFC004775D6 /* Release */,
			);
			defaultConfigurationIsVisible = 0;
			defaultConfigurationName = Release;
		};
		AC07D226201E1CFC004775D6 /* Build configuration list for PBXNativeTarget "BucketListUITests" */ = {
			isa = XCConfigurationList;
			buildConfigurations = (
				AC07D227201E1CFC004775D6 /* Debug */,
				AC07D228201E1CFC004775D6 /* Release */,
			);
			defaultConfigurationIsVisible = 0;
			defaultConfigurationName = Release;
		};
/* End XCConfigurationList section */
	};
	rootObject = AC07D1EE201E1CFB004775D6 /* Project object */;
}
